github.com/savsgio/gotils v0.0.0-20200616100644-13ff1fd2c28c h1:KKqhycXW1WVNkX7r4ekTV2gFkbhdyihlWD8c0/FiWmk=
github.com/savsgio/gotils v0.0.0-20200616100644-13ff1fd2c28c/go.mod h1:TWNAOTaVzGOXq8RbEvHnhzA/A2sLZzgn0m6URjnukY8=
github.com/valyala/bytebufferpool v1.0.0 h1:GqA5TC/0021Y/b9FG4Oi9Mr3q7XYx6KllzawFIhcdPw=
github.com/valyala/bytebufferpool v1.0.0/go.mod h1:6bBcMArwyJ5K/AmCkWv1jt77kVWyCJ6HpOuEn7z0Csc=
